PODS:
  - DuckUI (0.3.28):
    - Layoutless (~> 0.4.1)
    - ReactiveKit (~> 3.12.3)
  - Layoutless (0.4.1)
  - ReactiveKit (3.12.3)

DEPENDENCIES:
  - DuckUI (from `../`)
  - Layoutless (~> 0.4.1)
  - ReactiveKit (~> 3.12.2)
 
SPEC REPOS:
  https://github.com/cocoapods/specs.git:
    - Layoutless
    - ReactiveKit


EXTERNAL SOURCES:
  DuckUI:
    :path: "../"

SPEC CHECKSUMS:
  DuckUI: a1aebb12e6619991f59bee28b193fdcf84e6017b
  Layoutless: ba4810c682855373bddc78d9408cc82f970541d0
  ReactiveKit: 36cae741b465d914e4db3a18ceac11355325eabe
 
PODFILE CHECKSUM: ae084fc2f0dc1de68669fe2e2392c716183b3733

COCOAPODS: 1.7.4
